{
    "_meta": {
        "hash": {
            "sha256": "1cc7ad34ab26e0b37cca2e0ef2e736be162842a38e73b412884f47c91461fce0"
        },
        "pipfile-spec": 6,
        "requires": {
            "python_version": "3.12"
        },
        "sources": [
            {
                "name": "pypi",
                "url": "https://pypi.org/simple",
                "verify_ssl": true
            }
        ]
    },
    "default": {
        "markdown": {
            "hashes": [
                "sha256:d43323865d89fc0cb9b20c75fc8ad313af307cc087e84b657d9eec768eddeadd",
                "sha256:e1ac7b3dc550ee80e602e71c1d168002f062e49f1b11e26a36264dafd4df2ef8"
            ],
            "index": "pypi",
            "markers": "python_version >= '3.8'",
            "version": "==3.5.2"
        },
        "scons": {
            "hashes": [
                "sha256:9e0527b7a924e7af2b312c1f8961ef2776847bdc46a4d886af5a75f301da7ce3",
                "sha256:d467a34546f5366a32e4d4419611d0138dd680210f24aa8491ebe9e4b83456cf"
            ],
            "index": "pypi",
            "markers": "python_version >= '3.6'",
            "version": "==4.6.0.post1"
        },
        "setuptools": {
            "hashes": [
                "sha256:54faa7f2e8d2d11bcd2c07bed282eef1046b5c080d1c32add737d7b5817b1ad4",
                "sha256:f211a66637b8fa059bb28183da127d4e86396c991a942b028c6650d4319c3fd0"
            ],
            "index": "pypi",
            "markers": "python_version >= '3.8'",
            "version": "==70.0.0"
        }
    },
    "develop": {}
}
