{
    "_meta": {
        "hash": {
            "sha256": "1cc7ad34ab26e0b37cca2e0ef2e736be162842a38e73b412884f47c91461fce0"
        },
        "pipfile-spec": 6,
        "requires": {
            "python_version": "3.12"
        },
        "sources": [
            {
                "name": "pypi",
                "url": "https://pypi.org/simple",
                "verify_ssl": true
            }
        ]
    },
    "default": {
        "markdown": {
            "hashes": [
                "sha256:d43323865d89fc0cb9b20c75fc8ad313af307cc087e84b657d9eec768eddeadd",
                "sha256:e1ac7b3dc550ee80e602e71c1d168002f062e49f1b11e26a36264dafd4df2ef8"
            ],
            "index": "pypi",
            "markers": "python_version >= '3.8'",
            "version": "==3.5.2"
        },
        "scons": {
            "hashes": [
                "sha256:9e0527b7a924e7af2b312c1f8961ef2776847bdc46a4d886af5a75f301da7ce3",
                "sha256:d467a34546f5366a32e4d4419611d0138dd680210f24aa8491ebe9e4b83456cf"
            ],
            "index": "pypi",
            "markers": "python_version >= '3.6'",
            "version": "==4.6.0.post1"
        },
        "setuptools": {
            "hashes": [
                "sha256:02fa291a0471b3a18b2b2481ed902af520c69e8ae0919c13da936542754b4c56",
                "sha256:5c0806c7d9af348e6dd3777b4f4dbb42c7ad85b190104837488eab9a7c945cf8"
            ],
            "markers": "python_version >= '3.8'",
            "version": "==69.1.1"
        }
    },
    "develop": {}
}
